// !$*UTF8*$!
{
	archiveVersion = 1;
	classes = {
	};
	objectVersion = 52;
	objects = {

/* Begin PBXBuildFile section */
		6514403424AEEF9C00EF8D84 /* PHPickerView.swift in Sources */ = {isa = PBXBuildFile; fileRef = 6514403324AEEF9C00EF8D84 /* PHPickerView.swift */; };
		65547ACF24AF758D000B349D /* GIFPlayerView.swift in Sources */ = {isa = PBXBuildFile; fileRef = 65547ACE24AF758D000B349D /* GIFPlayerView.swift */; };
		65547AD024AF758D000B349D /* GIFPlayerView.swift in Sources */ = {isa = PBXBuildFile; fileRef = 65547ACE24AF758D000B349D /* GIFPlayerView.swift */; };
		65547AD224AF7770000B349D /* SwiftUIGIFPlayerView.swift in Sources */ = {isa = PBXBuildFile; fileRef = 65547AD124AF7770000B349D /* SwiftUIGIFPlayerView.swift */; };
		65547AD324AF7770000B349D /* SwiftUIGIFPlayerView.swift in Sources */ = {isa = PBXBuildFile; fileRef = 65547AD124AF7770000B349D /* SwiftUIGIFPlayerView.swift */; };
		655B518324B33B6800FF481B /* URLImage in Frameworks */ = {isa = PBXBuildFile; productRef = 655B518224B33B6800FF481B /* URLImage */; };
		65ADE7B124ADA66500763665 /* WidgetItemView.swift in Sources */ = {isa = PBXBuildFile; fileRef = 65ADE7B024ADA66500763665 /* WidgetItemView.swift */; };
		65ADE7B224ADA66500763665 /* WidgetItemView.swift in Sources */ = {isa = PBXBuildFile; fileRef = 65ADE7B024ADA66500763665 /* WidgetItemView.swift */; };
		65D5F26224AC3B1200DAADF0 /* WidgetDecoratorApp.swift in Sources */ = {isa = PBXBuildFile; fileRef = 65D5F26124AC3B1200DAADF0 /* WidgetDecoratorApp.swift */; };
		65D5F26424AC3B1200DAADF0 /* ContentView.swift in Sources */ = {isa = PBXBuildFile; fileRef = 65D5F26324AC3B1200DAADF0 /* ContentView.swift */; };
		65D5F26624AC3B1300DAADF0 /* Assets.xcassets in Resources */ = {isa = PBXBuildFile; fileRef = 65D5F26524AC3B1300DAADF0 /* Assets.xcassets */; };
		65D5F26924AC3B1300DAADF0 /* Preview Assets.xcassets in Resources */ = {isa = PBXBuildFile; fileRef = 65D5F26824AC3B1300DAADF0 /* Preview Assets.xcassets */; };
		65D5F29324AC3BEE00DAADF0 /* WidgetKit.framework in Frameworks */ = {isa = PBXBuildFile; fileRef = 65D5F29224AC3BEE00DAADF0 /* WidgetKit.framework */; };
		65D5F29524AC3BEE00DAADF0 /* SwiftUI.framework in Frameworks */ = {isa = PBXBuildFile; fileRef = 65D5F29424AC3BEE00DAADF0 /* SwiftUI.framework */; };
		65D5F29824AC3BEE00DAADF0 /* WidgetDecorator_Widgets.swift in Sources */ = {isa = PBXBuildFile; fileRef = 65D5F29724AC3BEE00DAADF0 /* WidgetDecorator_Widgets.swift */; };
		65D5F29B24AC3BEF00DAADF0 /* Assets.xcassets in Resources */ = {isa = PBXBuildFile; fileRef = 65D5F29A24AC3BEF00DAADF0 /* Assets.xcassets */; };
		65D5F29D24AC3BEF00DAADF0 /* WidgetDecorator_Widgets.intentdefinition in Sources */ = {isa = PBXBuildFile; fileRef = 65D5F29924AC3BEE00DAADF0 /* WidgetDecorator_Widgets.intentdefinition */; };
		65D5F29E24AC3BEF00DAADF0 /* WidgetDecorator_Widgets.intentdefinition in Sources */ = {isa = PBXBuildFile; fileRef = 65D5F29924AC3BEE00DAADF0 /* WidgetDecorator_Widgets.intentdefinition */; };
		65D5F2A124AC3BEF00DAADF0 /* WidgetDecorator_WidgetsExtension.appex in Embed App Extensions */ = {isa = PBXBuildFile; fileRef = 65D5F29024AC3BEE00DAADF0 /* WidgetDecorator_WidgetsExtension.appex */; settings = {ATTRIBUTES = (RemoveHeadersOnCopy, ); }; };
/* End PBXBuildFile section */

/* Begin PBXContainerItemProxy section */
		65D5F29F24AC3BEF00DAADF0 /* PBXContainerItemProxy */ = {
			isa = PBXContainerItemProxy;
			containerPortal = 65D5F25624AC3B1200DAADF0 /* Project object */;
			proxyType = 1;
			remoteGlobalIDString = 65D5F28F24AC3BEE00DAADF0;
			remoteInfo = WidgetDecorator_WidgetsExtension;
		};
/* End PBXContainerItemProxy section */

/* Begin PBXCopyFilesBuildPhase section */
		65D5F2A524AC3BEF00DAADF0 /* Embed App Extensions */ = {
			isa = PBXCopyFilesBuildPhase;
			buildActionMask = 2147483647;
			dstPath = "";
			dstSubfolderSpec = 13;
			files = (
				65D5F2A124AC3BEF00DAADF0 /* WidgetDecorator_WidgetsExtension.appex in Embed App Extensions */,
			);
			name = "Embed App Extensions";
			runOnlyForDeploymentPostprocessing = 0;
		};
/* End PBXCopyFilesBuildPhase section */

/* Begin PBXFileReference section */
		6514403324AEEF9C00EF8D84 /* PHPickerView.swift */ = {isa = PBXFileReference; lastKnownFileType = sourcecode.swift; path = PHPickerView.swift; sourceTree = "<group>"; };
		65547ACE24AF758D000B349D /* GIFPlayerView.swift */ = {isa = PBXFileReference; lastKnownFileType = sourcecode.swift; path = GIFPlayerView.swift; sourceTree = "<group>"; };
		65547AD124AF7770000B349D /* SwiftUIGIFPlayerView.swift */ = {isa = PBXFileReference; lastKnownFileType = sourcecode.swift; path = SwiftUIGIFPlayerView.swift; sourceTree = "<group>"; };
		65ADE7B024ADA66500763665 /* WidgetItemView.swift */ = {isa = PBXFileReference; lastKnownFileType = sourcecode.swift; path = WidgetItemView.swift; sourceTree = "<group>"; };
		65D5F25E24AC3B1200DAADF0 /* WidgetDecorator.app */ = {isa = PBXFileReference; explicitFileType = wrapper.application; includeInIndex = 0; path = WidgetDecorator.app; sourceTree = BUILT_PRODUCTS_DIR; };
		65D5F26124AC3B1200DAADF0 /* WidgetDecoratorApp.swift */ = {isa = PBXFileReference; lastKnownFileType = sourcecode.swift; path = WidgetDecoratorApp.swift; sourceTree = "<group>"; };
		65D5F26324AC3B1200DAADF0 /* ContentView.swift */ = {isa = PBXFileReference; lastKnownFileType = sourcecode.swift; path = ContentView.swift; sourceTree = "<group>"; };
		65D5F26524AC3B1300DAADF0 /* Assets.xcassets */ = {isa = PBXFileReference; lastKnownFileType = folder.assetcatalog; path = Assets.xcassets; sourceTree = "<group>"; };
		65D5F26824AC3B1300DAADF0 /* Preview Assets.xcassets */ = {isa = PBXFileReference; lastKnownFileType = folder.assetcatalog; path = "Preview Assets.xcassets"; sourceTree = "<group>"; };
		65D5F26A24AC3B1300DAADF0 /* Info.plist */ = {isa = PBXFileReference; lastKnownFileType = text.plist.xml; path = Info.plist; sourceTree = "<group>"; };
		65D5F29024AC3BEE00DAADF0 /* WidgetDecorator_WidgetsExtension.appex */ = {isa = PBXFileReference; explicitFileType = "wrapper.app-extension"; includeInIndex = 0; path = WidgetDecorator_WidgetsExtension.appex; sourceTree = BUILT_PRODUCTS_DIR; };
		65D5F29224AC3BEE00DAADF0 /* WidgetKit.framework */ = {isa = PBXFileReference; lastKnownFileType = wrapper.framework; name = WidgetKit.framework; path = System/Library/Frameworks/WidgetKit.framework; sourceTree = SDKROOT; };
		65D5F29424AC3BEE00DAADF0 /* SwiftUI.framework */ = {isa = PBXFileReference; lastKnownFileType = wrapper.framework; name = SwiftUI.framework; path = System/Library/Frameworks/SwiftUI.framework; sourceTree = SDKROOT; };
		65D5F29724AC3BEE00DAADF0 /* WidgetDecorator_Widgets.swift */ = {isa = PBXFileReference; lastKnownFileType = sourcecode.swift; path = WidgetDecorator_Widgets.swift; sourceTree = "<group>"; };
		65D5F29924AC3BEE00DAADF0 /* WidgetDecorator_Widgets.intentdefinition */ = {isa = PBXFileReference; lastKnownFileType = file.intentdefinition; path = WidgetDecorator_Widgets.intentdefinition; sourceTree = "<group>"; };
		65D5F29A24AC3BEF00DAADF0 /* Assets.xcassets */ = {isa = PBXFileReference; lastKnownFileType = folder.assetcatalog; path = Assets.xcassets; sourceTree = "<group>"; };
		65D5F29C24AC3BEF00DAADF0 /* Info.plist */ = {isa = PBXFileReference; lastKnownFileType = text.plist.xml; path = Info.plist; sourceTree = "<group>"; };
		65D5F2AC24AC91DD00DAADF0 /* WidgetDecorator.entitlements */ = {isa = PBXFileReference; lastKnownFileType = text.plist.entitlements; path = WidgetDecorator.entitlements; sourceTree = "<group>"; };
		65D5F2AD24AC921A00DAADF0 /* WidgetDecorator_WidgetsExtension.entitlements */ = {isa = PBXFileReference; lastKnownFileType = text.plist.entitlements; path = WidgetDecorator_WidgetsExtension.entitlements; sourceTree = "<group>"; };
/* End PBXFileReference section */

/* Begin PBXFrameworksBuildPhase section */
		65D5F25B24AC3B1200DAADF0 /* Frameworks */ = {
			isa = PBXFrameworksBuildPhase;
			buildActionMask = 2147483647;
			files = (
				655B518324B33B6800FF481B /* URLImage in Frameworks */,
			);
			runOnlyForDeploymentPostprocessing = 0;
		};
		65D5F28D24AC3BEE00DAADF0 /* Frameworks */ = {
			isa = PBXFrameworksBuildPhase;
			buildActionMask = 2147483647;
			files = (
				65D5F29524AC3BEE00DAADF0 /* SwiftUI.framework in Frameworks */,
				65D5F29324AC3BEE00DAADF0 /* WidgetKit.framework in Frameworks */,
			);
			runOnlyForDeploymentPostprocessing = 0;
		};
/* End PBXFrameworksBuildPhase section */

/* Begin PBXGroup section */
		65D5F25524AC3B1200DAADF0 = {
			isa = PBXGroup;
			children = (
				65D5F2AD24AC921A00DAADF0 /* WidgetDecorator_WidgetsExtension.entitlements */,
				65D5F26024AC3B1200DAADF0 /* WidgetDecorator */,
				65D5F29624AC3BEE00DAADF0 /* WidgetDecorator_Widgets */,
				65D5F29124AC3BEE00DAADF0 /* Frameworks */,
				65D5F25F24AC3B1200DAADF0 /* Products */,
			);
			sourceTree = "<group>";
		};
		65D5F25F24AC3B1200DAADF0 /* Products */ = {
			isa = PBXGroup;
			children = (
				65D5F25E24AC3B1200DAADF0 /* WidgetDecorator.app */,
				65D5F29024AC3BEE00DAADF0 /* WidgetDecorator_WidgetsExtension.appex */,
			);
			name = Products;
			sourceTree = "<group>";
		};
		65D5F26024AC3B1200DAADF0 /* WidgetDecorator */ = {
			isa = PBXGroup;
			children = (
				65D5F2AC24AC91DD00DAADF0 /* WidgetDecorator.entitlements */,
				65D5F26124AC3B1200DAADF0 /* WidgetDecoratorApp.swift */,
				65D5F26324AC3B1200DAADF0 /* ContentView.swift */,
				65ADE7B024ADA66500763665 /* WidgetItemView.swift */,
				6514403324AEEF9C00EF8D84 /* PHPickerView.swift */,
				65D5F26524AC3B1300DAADF0 /* Assets.xcassets */,
				65D5F26A24AC3B1300DAADF0 /* Info.plist */,
				65D5F26724AC3B1300DAADF0 /* Preview Content */,
				65547ACE24AF758D000B349D /* GIFPlayerView.swift */,
				65547AD124AF7770000B349D /* SwiftUIGIFPlayerView.swift */,
			);
			path = WidgetDecorator;
			sourceTree = "<group>";
		};
		65D5F26724AC3B1300DAADF0 /* Preview Content */ = {
			isa = PBXGroup;
			children = (
				65D5F26824AC3B1300DAADF0 /* Preview Assets.xcassets */,
			);
			path = "Preview Content";
			sourceTree = "<group>";
		};
		65D5F29124AC3BEE00DAADF0 /* Frameworks */ = {
			isa = PBXGroup;
			children = (
				65D5F29224AC3BEE00DAADF0 /* WidgetKit.framework */,
				65D5F29424AC3BEE00DAADF0 /* SwiftUI.framework */,
			);
			name = Frameworks;
			sourceTree = "<group>";
		};
		65D5F29624AC3BEE00DAADF0 /* WidgetDecorator_Widgets */ = {
			isa = PBXGroup;
			children = (
				65D5F29724AC3BEE00DAADF0 /* WidgetDecorator_Widgets.swift */,
				65D5F29924AC3BEE00DAADF0 /* WidgetDecorator_Widgets.intentdefinition */,
				65D5F29A24AC3BEF00DAADF0 /* Assets.xcassets */,
				65D5F29C24AC3BEF00DAADF0 /* Info.plist */,
			);
			path = WidgetDecorator_Widgets;
			sourceTree = "<group>";
		};
/* End PBXGroup section */

/* Begin PBXNativeTarget section */
		65D5F25D24AC3B1200DAADF0 /* WidgetDecorator */ = {
			isa = PBXNativeTarget;
			buildConfigurationList = 65D5F28324AC3B1300DAADF0 /* Build configuration list for PBXNativeTarget "WidgetDecorator" */;
			buildPhases = (
				65D5F25A24AC3B1200DAADF0 /* Sources */,
				65D5F25B24AC3B1200DAADF0 /* Frameworks */,
				65D5F25C24AC3B1200DAADF0 /* Resources */,
				65D5F2A524AC3BEF00DAADF0 /* Embed App Extensions */,
			);
			buildRules = (
			);
			dependencies = (
				65D5F2A024AC3BEF00DAADF0 /* PBXTargetDependency */,
			);
			name = WidgetDecorator;
			packageProductDependencies = (
				655B518224B33B6800FF481B /* URLImage */,
			);
			productName = WidgetDecorator;
			productReference = 65D5F25E24AC3B1200DAADF0 /* WidgetDecorator.app */;
			productType = "com.apple.product-type.application";
		};
		65D5F28F24AC3BEE00DAADF0 /* WidgetDecorator_WidgetsExtension */ = {
			isa = PBXNativeTarget;
			buildConfigurationList = 65D5F2A224AC3BEF00DAADF0 /* Build configuration list for PBXNativeTarget "WidgetDecorator_WidgetsExtension" */;
			buildPhases = (
				65D5F28C24AC3BEE00DAADF0 /* Sources */,
				65D5F28D24AC3BEE00DAADF0 /* Frameworks */,
				65D5F28E24AC3BEE00DAADF0 /* Resources */,
			);
			buildRules = (
			);
			dependencies = (
			);
			name = WidgetDecorator_WidgetsExtension;
			productName = WidgetDecorator_WidgetsExtension;
			productReference = 65D5F29024AC3BEE00DAADF0 /* WidgetDecorator_WidgetsExtension.appex */;
			productType = "com.apple.product-type.app-extension";
		};
/* End PBXNativeTarget section */

/* Begin PBXProject section */
		65D5F25624AC3B1200DAADF0 /* Project object */ = {
			isa = PBXProject;
			attributes = {
				LastSwiftUpdateCheck = 1200;
				LastUpgradeCheck = 1200;
				TargetAttributes = {
					65D5F25D24AC3B1200DAADF0 = {
						CreatedOnToolsVersion = 12.0;
					};
					65D5F28F24AC3BEE00DAADF0 = {
						CreatedOnToolsVersion = 12.0;
					};
				};
			};
			buildConfigurationList = 65D5F25924AC3B1200DAADF0 /* Build configuration list for PBXProject "WidgetDecorator" */;
			compatibilityVersion = "Xcode 9.3";
			developmentRegion = en;
			hasScannedForEncodings = 0;
			knownRegions = (
				en,
				Base,
			);
			mainGroup = 65D5F25524AC3B1200DAADF0;
			packageReferences = (
				655B518124B33B6800FF481B /* XCRemoteSwiftPackageReference "url-image" */,
			);
			productRefGroup = 65D5F25F24AC3B1200DAADF0 /* Products */;
			projectDirPath = "";
			projectRoot = "";
			targets = (
				65D5F25D24AC3B1200DAADF0 /* WidgetDecorator */,
				65D5F28F24AC3BEE00DAADF0 /* WidgetDecorator_WidgetsExtension */,
			);
		};
/* End PBXProject section */

/* Begin PBXResourcesBuildPhase section */
		65D5F25C24AC3B1200DAADF0 /* Resources */ = {
			isa = PBXResourcesBuildPhase;
			buildActionMask = 2147483647;
			files = (
				65D5F26924AC3B1300DAADF0 /* Preview Assets.xcassets in Resources */,
				65D5F26624AC3B1300DAADF0 /* Assets.xcassets in Resources */,
			);
			runOnlyForDeploymentPostprocessing = 0;
		};
		65D5F28E24AC3BEE00DAADF0 /* Resources */ = {
			isa = PBXResourcesBuildPhase;
			buildActionMask = 2147483647;
			files = (
				65D5F29B24AC3BEF00DAADF0 /* Assets.xcassets in Resources */,
			);
			runOnlyForDeploymentPostprocessing = 0;
		};
/* End PBXResourcesBuildPhase section */

/* Begin PBXSourcesBuildPhase section */
		65D5F25A24AC3B1200DAADF0 /* Sources */ = {
			isa = PBXSourcesBuildPhase;
			buildActionMask = 2147483647;
			files = (
				65D5F29E24AC3BEF00DAADF0 /* WidgetDecorator_Widgets.intentdefinition in Sources */,
				65D5F26424AC3B1200DAADF0 /* ContentView.swift in Sources */,
				65547ACF24AF758D000B349D /* GIFPlayerView.swift in Sources */,
				65547AD224AF7770000B349D /* SwiftUIGIFPlayerView.swift in Sources */,
				6514403424AEEF9C00EF8D84 /* PHPickerView.swift in Sources */,
				65ADE7B124ADA66500763665 /* WidgetItemView.swift in Sources */,
				65D5F26224AC3B1200DAADF0 /* WidgetDecoratorApp.swift in Sources */,
			);
			runOnlyForDeploymentPostprocessing = 0;
		};
		65D5F28C24AC3BEE00DAADF0 /* Sources */ = {
			isa = PBXSourcesBuildPhase;
			buildActionMask = 2147483647;
			files = (
				65547AD024AF758D000B349D /* GIFPlayerView.swift in Sources */,
				65ADE7B224ADA66500763665 /* WidgetItemView.swift in Sources */,
				65D5F29D24AC3BEF00DAADF0 /* WidgetDecorator_Widgets.intentdefinition in Sources */,
				65547AD324AF7770000B349D /* SwiftUIGIFPlayerView.swift in Sources */,
				65D5F29824AC3BEE00DAADF0 /* WidgetDecorator_Widgets.swift in Sources */,
			);
			runOnlyForDeploymentPostprocessing = 0;
		};
/* End PBXSourcesBuildPhase section */

/* Begin PBXTargetDependency section */
		65D5F2A024AC3BEF00DAADF0 /* PBXTargetDependency */ = {
			isa = PBXTargetDependency;
			target = 65D5F28F24AC3BEE00DAADF0 /* WidgetDecorator_WidgetsExtension */;
			targetProxy = 65D5F29F24AC3BEF00DAADF0 /* PBXContainerItemProxy */;
		};
/* End PBXTargetDependency section */

/* Begin XCBuildConfiguration section */
		65D5F28124AC3B1300DAADF0 /* Debug */ = {
			isa = XCBuildConfiguration;
			buildSettings = {
				ALWAYS_SEARCH_USER_PATHS = NO;
				CLANG_ANALYZER_NONNULL = YES;
				CLANG_ANALYZER_NUMBER_OBJECT_CONVERSION = YES_AGGRESSIVE;
				CLANG_CXX_LANGUAGE_STANDARD = "gnu++14";
				CLANG_CXX_LIBRARY = "libc++";
				CLANG_ENABLE_MODULES = YES;
				CLANG_ENABLE_OBJC_ARC = YES;
				CLANG_ENABLE_OBJC_WEAK = YES;
				CLANG_WARN_BLOCK_CAPTURE_AUTORELEASING = YES;
				CLANG_WARN_BOOL_CONVERSION = YES;
				CLANG_WARN_COMMA = YES;
				CLANG_WARN_CONSTANT_CONVERSION = YES;
				CLANG_WARN_DEPRECATED_OBJC_IMPLEMENTATIONS = YES;
				CLANG_WARN_DIRECT_OBJC_ISA_USAGE = YES_ERROR;
				CLANG_WARN_DOCUMENTATION_COMMENTS = YES;
				CLANG_WARN_EMPTY_BODY = YES;
				CLANG_WARN_ENUM_CONVERSION = YES;
				CLANG_WARN_INFINITE_RECURSION = YES;
				CLANG_WARN_INT_CONVERSION = YES;
				CLANG_WARN_NON_LITERAL_NULL_CONVERSION = YES;
				CLANG_WARN_OBJC_IMPLICIT_RETAIN_SELF = YES;
				CLANG_WARN_OBJC_LITERAL_CONVERSION = YES;
				CLANG_WARN_OBJC_ROOT_CLASS = YES_ERROR;
				CLANG_WARN_QUOTED_INCLUDE_IN_FRAMEWORK_HEADER = YES;
				CLANG_WARN_RANGE_LOOP_ANALYSIS = YES;
				CLANG_WARN_STRICT_PROTOTYPES = YES;
				CLANG_WARN_SUSPICIOUS_MOVE = YES;
				CLANG_WARN_UNGUARDED_AVAILABILITY = YES_AGGRESSIVE;
				CLANG_WARN_UNREACHABLE_CODE = YES;
				CLANG_WARN__DUPLICATE_METHOD_MATCH = YES;
				COPY_PHASE_STRIP = NO;
				DEBUG_INFORMATION_FORMAT = dwarf;
				ENABLE_STRICT_OBJC_MSGSEND = YES;
				ENABLE_TESTABILITY = YES;
				GCC_C_LANGUAGE_STANDARD = gnu11;
				GCC_DYNAMIC_NO_PIC = NO;
				GCC_NO_COMMON_BLOCKS = YES;
				GCC_OPTIMIZATION_LEVEL = 0;
				GCC_PREPROCESSOR_DEFINITIONS = (
					"DEBUG=1",
					"$(inherited)",
				);
				GCC_WARN_64_TO_32_BIT_CONVERSION = YES;
				GCC_WARN_ABOUT_RETURN_TYPE = YES_ERROR;
				GCC_WARN_UNDECLARED_SELECTOR = YES;
				GCC_WARN_UNINITIALIZED_AUTOS = YES_AGGRESSIVE;
				GCC_WARN_UNUSED_FUNCTION = YES;
				GCC_WARN_UNUSED_VARIABLE = YES;
				IPHONEOS_DEPLOYMENT_TARGET = 14.0;
				MTL_ENABLE_DEBUG_INFO = INCLUDE_SOURCE;
				MTL_FAST_MATH = YES;
				ONLY_ACTIVE_ARCH = YES;
				SDKROOT = iphoneos;
				SWIFT_ACTIVE_COMPILATION_CONDITIONS = DEBUG;
				SWIFT_OPTIMIZATION_LEVEL = "-Onone";
			};
			name = Debug;
		};
		65D5F28224AC3B1300DAADF0 /* Release */ = {
			isa = XCBuildConfiguration;
			buildSettings = {
				ALWAYS_SEARCH_USER_PATHS = NO;
				CLANG_ANALYZER_NONNULL = YES;
				CLANG_ANALYZER_NUMBER_OBJECT_CONVERSION = YES_AGGRESSIVE;
				CLANG_CXX_LANGUAGE_STANDARD = "gnu++14";
				CLANG_CXX_LIBRARY = "libc++";
				CLANG_ENABLE_MODULES = YES;
				CLANG_ENABLE_OBJC_ARC = YES;
				CLANG_ENABLE_OBJC_WEAK = YES;
				CLANG_WARN_BLOCK_CAPTURE_AUTORELEASING = YES;
				CLANG_WARN_BOOL_CONVERSION = YES;
				CLANG_WARN_COMMA = YES;
				CLANG_WARN_CONSTANT_CONVERSION = YES;
				CLANG_WARN_DEPRECATED_OBJC_IMPLEMENTATIONS = YES;
				CLANG_WARN_DIRECT_OBJC_ISA_USAGE = YES_ERROR;
				CLANG_WARN_DOCUMENTATION_COMMENTS = YES;
				CLANG_WARN_EMPTY_BODY = YES;
				CLANG_WARN_ENUM_CONVERSION = YES;
				CLANG_WARN_INFINITE_RECURSION = YES;
				CLANG_WARN_INT_CONVERSION = YES;
				CLANG_WARN_NON_LITERAL_NULL_CONVERSION = YES;
				CLANG_WARN_OBJC_IMPLICIT_RETAIN_SELF = YES;
				CLANG_WARN_OBJC_LITERAL_CONVERSION = YES;
				CLANG_WARN_OBJC_ROOT_CLASS = YES_ERROR;
				CLANG_WARN_QUOTED_INCLUDE_IN_FRAMEWORK_HEADER = YES;
				CLANG_WARN_RANGE_LOOP_ANALYSIS = YES;
				CLANG_WARN_STRICT_PROTOTYPES = YES;
				CLANG_WARN_SUSPICIOUS_MOVE = YES;
				CLANG_WARN_UNGUARDED_AVAILABILITY = YES_AGGRESSIVE;
				CLANG_WARN_UNREACHABLE_CODE = YES;
				CLANG_WARN__DUPLICATE_METHOD_MATCH = YES;
				COPY_PHASE_STRIP = NO;
				DEBUG_INFORMATION_FORMAT = "dwarf-with-dsym";
				ENABLE_NS_ASSERTIONS = NO;
				ENABLE_STRICT_OBJC_MSGSEND = YES;
				GCC_C_LANGUAGE_STANDARD = gnu11;
				GCC_NO_COMMON_BLOCKS = YES;
				GCC_WARN_64_TO_32_BIT_CONVERSION = YES;
				GCC_WARN_ABOUT_RETURN_TYPE = YES_ERROR;
				GCC_WARN_UNDECLARED_SELECTOR = YES;
				GCC_WARN_UNINITIALIZED_AUTOS = YES_AGGRESSIVE;
				GCC_WARN_UNUSED_FUNCTION = YES;
				GCC_WARN_UNUSED_VARIABLE = YES;
				IPHONEOS_DEPLOYMENT_TARGET = 14.0;
				MTL_ENABLE_DEBUG_INFO = NO;
				MTL_FAST_MATH = YES;
				SDKROOT = iphoneos;
				SWIFT_COMPILATION_MODE = wholemodule;
				SWIFT_OPTIMIZATION_LEVEL = "-O";
				VALIDATE_PRODUCT = YES;
			};
			name = Release;
		};
		65D5F28424AC3B1300DAADF0 /* Debug */ = {
			isa = XCBuildConfiguration;
			buildSettings = {
				ALWAYS_EMBED_SWIFT_STANDARD_LIBRARIES = YES;
				ASSETCATALOG_COMPILER_APPICON_NAME = AppIcon;
				ASSETCATALOG_COMPILER_GLOBAL_ACCENT_COLOR_NAME = AccentColor;
				CODE_SIGN_ENTITLEMENTS = WidgetDecorator/WidgetDecorator.entitlements;
				CODE_SIGN_STYLE = Automatic;
				DEVELOPMENT_ASSET_PATHS = "\"WidgetDecorator/Preview Content\"";
				DEVELOPMENT_TEAM = 9N3YC9UU5H;
				ENABLE_PREVIEWS = YES;
				INFOPLIST_FILE = WidgetDecorator/Info.plist;
				IPHONEOS_DEPLOYMENT_TARGET = 14.0;
				LD_RUNPATH_SEARCH_PATHS = (
					"$(inherited)",
					"@executable_path/Frameworks",
				);
				PRODUCT_BUNDLE_IDENTIFIER = com.electronicdream.WidgetDecorator;
				PRODUCT_NAME = "$(TARGET_NAME)";
				SUPPORTS_MACCATALYST = YES;
				SWIFT_VERSION = 5.0;
				TARGETED_DEVICE_FAMILY = "1,2";
			};
			name = Debug;
		};
		65D5F28524AC3B1300DAADF0 /* Release */ = {
			isa = XCBuildConfiguration;
			buildSettings = {
				ALWAYS_EMBED_SWIFT_STANDARD_LIBRARIES = YES;
				ASSETCATALOG_COMPILER_APPICON_NAME = AppIcon;
				ASSETCATALOG_COMPILER_GLOBAL_ACCENT_COLOR_NAME = AccentColor;
				CODE_SIGN_ENTITLEMENTS = WidgetDecorator/WidgetDecorator.entitlements;
				CODE_SIGN_STYLE = Automatic;
				DEVELOPMENT_ASSET_PATHS = "\"WidgetDecorator/Preview Content\"";
				DEVELOPMENT_TEAM = 9N3YC9UU5H;
				ENABLE_PREVIEWS = YES;
				INFOPLIST_FILE = WidgetDecorator/Info.plist;
				IPHONEOS_DEPLOYMENT_TARGET = 14.0;
				LD_RUNPATH_SEARCH_PATHS = (
					"$(inherited)",
					"@executable_path/Frameworks",
				);
				PRODUCT_BUNDLE_IDENTIFIER = com.electronicdream.WidgetDecorator;
				PRODUCT_NAME = "$(TARGET_NAME)";
				SUPPORTS_MACCATALYST = YES;
				SWIFT_VERSION = 5.0;
				TARGETED_DEVICE_FAMILY = "1,2";
			};
			name = Release;
		};
		65D5F2A324AC3BEF00DAADF0 /* Debug */ = {
			isa = XCBuildConfiguration;
			buildSettings = {
				ASSETCATALOG_COMPILER_GLOBAL_ACCENT_COLOR_NAME = AccentColor;
				ASSETCATALOG_COMPILER_WIDGET_BACKGROUND_COLOR_NAME = WidgetBackground;
				CODE_SIGN_ENTITLEMENTS = WidgetDecorator_WidgetsExtension.entitlements;
				CODE_SIGN_STYLE = Automatic;
				DEVELOPMENT_TEAM = 9N3YC9UU5H;
				"ENABLE_HARDENED_RUNTIME[sdk=macosx*]" = YES;
				INFOPLIST_FILE = WidgetDecorator_Widgets/Info.plist;
				LD_RUNPATH_SEARCH_PATHS = (
					"$(inherited)",
					"@executable_path/Frameworks",
					"@executable_path/../../Frameworks",
				);
				PRODUCT_BUNDLE_IDENTIFIER = "com.electronicdream.WidgetDecorator.WidgetDecorator-Widgets";
				PRODUCT_NAME = "$(TARGET_NAME)";
				SKIP_INSTALL = YES;
				SUPPORTS_MACCATALYST = YES;
				SWIFT_VERSION = 5.0;
				TARGETED_DEVICE_FAMILY = "1,2";
			};
			name = Debug;
		};
		65D5F2A424AC3BEF00DAADF0 /* Release */ = {
			isa = XCBuildConfiguration;
			buildSettings = {
				ASSETCATALOG_COMPILER_GLOBAL_ACCENT_COLOR_NAME = AccentColor;
				ASSETCATALOG_COMPILER_WIDGET_BACKGROUND_COLOR_NAME = WidgetBackground;
				CODE_SIGN_ENTITLEMENTS = WidgetDecorator_WidgetsExtension.entitlements;
				CODE_SIGN_STYLE = Automatic;
				DEVELOPMENT_TEAM = 9N3YC9UU5H;
				"ENABLE_HARDENED_RUNTIME[sdk=macosx*]" = YES;
				INFOPLIST_FILE = WidgetDecorator_Widgets/Info.plist;
				LD_RUNPATH_SEARCH_PATHS = (
					"$(inherited)",
					"@executable_path/Frameworks",
					"@executable_path/../../Frameworks",
				);
				PRODUCT_BUNDLE_IDENTIFIER = "com.electronicdream.WidgetDecorator.WidgetDecorator-Widgets";
				PRODUCT_NAME = "$(TARGET_NAME)";
				SKIP_INSTALL = YES;
				SUPPORTS_MACCATALYST = YES;
				SWIFT_VERSION = 5.0;
				TARGETED_DEVICE_FAMILY = "1,2";
			};
			name = Release;
		};
/* End XCBuildConfiguration section */

/* Begin XCConfigurationList section */
		65D5F25924AC3B1200DAADF0 /* Build configuration list for PBXProject "WidgetDecorator" */ = {
			isa = XCConfigurationList;
			buildConfigurations = (
				65D5F28124AC3B1300DAADF0 /* Debug */,
				65D5F28224AC3B1300DAADF0 /* Release */,
			);
			defaultConfigurationIsVisible = 0;
			defaultConfigurationName = Release;
		};
		65D5F28324AC3B1300DAADF0 /* Build configuration list for PBXNativeTarget "WidgetDecorator" */ = {
			isa = XCConfigurationList;
			buildConfigurations = (
				65D5F28424AC3B1300DAADF0 /* Debug */,
				65D5F28524AC3B1300DAADF0 /* Release */,
			);
			defaultConfigurationIsVisible = 0;
			defaultConfigurationName = Release;
		};
		65D5F2A224AC3BEF00DAADF0 /* Build configuration list for PBXNativeTarget "WidgetDecorator_WidgetsExtension" */ = {
			isa = XCConfigurationList;
			buildConfigurations = (
				65D5F2A324AC3BEF00DAADF0 /* Debug */,
				65D5F2A424AC3BEF00DAADF0 /* Release */,
			);
			defaultConfigurationIsVisible = 0;
			defaultConfigurationName = Release;
		};
/* End XCConfigurationList section */

/* Begin XCRemoteSwiftPackageReference section */
		655B518124B33B6800FF481B /* XCRemoteSwiftPackageReference "url-image" */ = {
			isa = XCRemoteSwiftPackageReference;
			repositoryURL = "https://github.com/dmytro-anokhin/url-image.git";
			requirement = {
				kind = upToNextMajorVersion;
				minimumVersion = 0.9.18;
			};
		};
/* End XCRemoteSwiftPackageReference section */

/* Begin XCSwiftPackageProductDependency section */
		655B518224B33B6800FF481B /* URLImage */ = {
			isa = XCSwiftPackageProductDependency;
			package = 655B518124B33B6800FF481B /* XCRemoteSwiftPackageReference "url-image" */;
			productName = URLImage;
		};
/* End XCSwiftPackageProductDependency section */
	};
	rootObject = 65D5F25624AC3B1200DAADF0 /* Project object */;
}
